{
  "name": "routing-example",
  "version": "1.0.0",
  "lockfileVersion": 1,
  "requires": true,
  "dependencies": {
    "shapi": {
      "version": "0.0.6",
      "resolved": "https://registry.npmjs.org/shapi/-/shapi-0.0.6.tgz",
      "integrity": "sha512-suKj5Pep0ERAmAVdpFS18YCFYoqy+pFdOvol4Vw9Y2OjvTeJSxEj7Np80+YZhgnY7MHeH1aAZE/VCIUu3pOAYg=="
    }
  }
}
